
Microsoft Visual Studio Solution File, Format Version 12.00
# Visual Studio Version 16
VisualStudioVersion = 16.0.31025.194
MinimumVisualStudioVersion = 10.0.40219.1
Project("{FAE04EC0-301F-11D3-BF4B-00C04F79EFBC}") = "TaskNr4", "TaskNr4\TaskNr4.csproj", "{60BFDF98-B87E-4E89-ADB5-A479397E0BB3}"
EndProject
Global
	GlobalSection(SolutionConfigurationPlatforms) = preSolution
		Debug|Any CPU = Debug|Any CPU
		Release|Any CPU = Release|Any CPU
	EndGlobalSection
	GlobalSection(ProjectConfigurationPlatforms) = postSolution
		{60BFDF98-B87E-4E89-ADB5-A479397E0BB3}.Debug|Any CPU.ActiveCfg = Debug|Any CPU
		{60BFDF98-B87E-4E89-ADB5-A479397E0BB3}.Debug|Any CPU.Build.0 = Debug|Any CPU
		{60BFDF98-B87E-4E89-ADB5-A479397E0BB3}.Release|Any CPU.ActiveCfg = Release|Any CPU
		{60BFDF98-B87E-4E89-ADB5-A479397E0BB3}.Release|Any CPU.Build.0 = Release|Any CPU
	EndGlobalSection
	GlobalSection(SolutionProperties) = preSolution
		HideSolutionNode = FALSE
	EndGlobalSection
	GlobalSection(ExtensibilityGlobals) = postSolution
		SolutionGuid = {46D36497-60DC-4645-8615-86F211EF2B2B}
	EndGlobalSection
EndGlobal
